
Microsoft Visual Studio Solution File, Format Version 12.00
# Visual Studio 14
VisualStudioVersion = 14.0.24720.0
MinimumVisualStudioVersion = 10.0.40219.1
Project("{FAE04EC0-301F-11D3-BF4B-00C04F79EFBC}") = "TurtleChallenge", "TurtleChallenge\TurtleChallenge.csproj", "{CEB5DFA4-C72A-46B1-8C6E-6180C04ACA7D}"
EndProject
Project("{FAE04EC0-301F-11D3-BF4B-00C04F79EFBC}") = "TurtleChallenge.UnitTest", "TurtleChallenge.UnitTest\TurtleChallenge.UnitTest.csproj", "{639D0AE9-E436-4CEE-A404-2AE274E9CAC2}"
EndProject
Global
	GlobalSection(SolutionConfigurationPlatforms) = preSolution
		Debug|Any CPU = Debug|Any CPU
		Release|Any CPU = Release|Any CPU
	EndGlobalSection
	GlobalSection(ProjectConfigurationPlatforms) = postSolution
		{CEB5DFA4-C72A-46B1-8C6E-6180C04ACA7D}.Debug|Any CPU.ActiveCfg = Debug|Any CPU
		{CEB5DFA4-C72A-46B1-8C6E-6180C04ACA7D}.Debug|Any CPU.Build.0 = Debug|Any CPU
		{CEB5DFA4-C72A-46B1-8C6E-6180C04ACA7D}.Release|Any CPU.ActiveCfg = Release|Any CPU
		{CEB5DFA4-C72A-46B1-8C6E-6180C04ACA7D}.Release|Any CPU.Build.0 = Release|Any CPU
		{639D0AE9-E436-4CEE-A404-2AE274E9CAC2}.Debug|Any CPU.ActiveCfg = Debug|Any CPU
		{639D0AE9-E436-4CEE-A404-2AE274E9CAC2}.Debug|Any CPU.Build.0 = Debug|Any CPU
		{639D0AE9-E436-4CEE-A404-2AE274E9CAC2}.Release|Any CPU.ActiveCfg = Release|Any CPU
		{639D0AE9-E436-4CEE-A404-2AE274E9CAC2}.Release|Any CPU.Build.0 = Release|Any CPU
	EndGlobalSection
	GlobalSection(SolutionProperties) = preSolution
		HideSolutionNode = FALSE
	EndGlobalSection
EndGlobal
